
Microsoft Visual Studio Solution File, Format Version 12.00
# Visual Studio Version 17
VisualStudioVersion = 17.0.32126.317
MinimumVisualStudioVersion = 10.0.40219.1
Project("{9A19103F-16F7-4668-BE54-9A1E7A4F7556}") = "NobetciEzcane", "NobetciEzcane\NobetciEzcane.csproj", "{F951EB40-D9EA-4E08-9EE0-AEB14FE8E31D}"
EndProject
Global
	GlobalSection(SolutionConfigurationPlatforms) = preSolution
		Debug|Any CPU = Debug|Any CPU
		Release|Any CPU = Release|Any CPU
	EndGlobalSection
	GlobalSection(ProjectConfigurationPlatforms) = postSolution
		{F951EB40-D9EA-4E08-9EE0-AEB14FE8E31D}.Debug|Any CPU.ActiveCfg = Debug|Any CPU
		{F951EB40-D9EA-4E08-9EE0-AEB14FE8E31D}.Debug|Any CPU.Build.0 = Debug|Any CPU
		{F951EB40-D9EA-4E08-9EE0-AEB14FE8E31D}.Release|Any CPU.ActiveCfg = Release|Any CPU
		{F951EB40-D9EA-4E08-9EE0-AEB14FE8E31D}.Release|Any CPU.Build.0 = Release|Any CPU
	EndGlobalSection
	GlobalSection(SolutionProperties) = preSolution
		HideSolutionNode = FALSE
	EndGlobalSection
	GlobalSection(ExtensibilityGlobals) = postSolution
		SolutionGuid = {83A2C4AD-88CD-452C-9FFF-1A970A8B8D1E}
	EndGlobalSection
EndGlobal
